
Microsoft Visual Studio Solution File, Format Version 12.00
# Visual Studio Version 17
VisualStudioVersion = 17.7.34009.444
MinimumVisualStudioVersion = 10.0.40219.1
Project("{FAE04EC0-301F-11D3-BF4B-00C04F79EFBC}") = "DsaChapter1_1_2", "DsaChapter1_1_2\DsaChapter1_1_2.csproj", "{058391DA-018D-4D71-9A8B-617E4DC30643}"
EndProject
Global
	GlobalSection(SolutionConfigurationPlatforms) = preSolution
		Debug|Any CPU = Debug|Any CPU
		Release|Any CPU = Release|Any CPU
	EndGlobalSection
	GlobalSection(ProjectConfigurationPlatforms) = postSolution
		{058391DA-018D-4D71-9A8B-617E4DC30643}.Debug|Any CPU.ActiveCfg = Debug|Any CPU
		{058391DA-018D-4D71-9A8B-617E4DC30643}.Debug|Any CPU.Build.0 = Debug|Any CPU
		{058391DA-018D-4D71-9A8B-617E4DC30643}.Release|Any CPU.ActiveCfg = Release|Any CPU
		{058391DA-018D-4D71-9A8B-617E4DC30643}.Release|Any CPU.Build.0 = Release|Any CPU
	EndGlobalSection
	GlobalSection(SolutionProperties) = preSolution
		HideSolutionNode = FALSE
	EndGlobalSection
	GlobalSection(ExtensibilityGlobals) = postSolution
		SolutionGuid = {22C782D8-8331-464A-88D5-2D7096473B51}
	EndGlobalSection
EndGlobal
